
Microsoft Visual Studio Solution File, Format Version 12.00
# Visual Studio Version 17
VisualStudioVersion = 17.1.32421.90
MinimumVisualStudioVersion = 10.0.40219.1
Project("{FAE04EC0-301F-11D3-BF4B-00C04F79EFBC}") = "AzureEventHubProducer", "AzureEventHubProducer\AzureEventHubProducer.csproj", "{DA56D992-BF4C-4FB0-8D4E-AD3A9CA238FA}"
EndProject
Project("{FAE04EC0-301F-11D3-BF4B-00C04F79EFBC}") = "EventHubsConsumer", "EventHubsConsumer\EventHubsConsumer.csproj", "{496D068F-D313-4446-AED9-21C92064B679}"
EndProject
Global
	GlobalSection(SolutionConfigurationPlatforms) = preSolution
		Debug|Any CPU = Debug|Any CPU
		Release|Any CPU = Release|Any CPU
	EndGlobalSection
	GlobalSection(ProjectConfigurationPlatforms) = postSolution
		{DA56D992-BF4C-4FB0-8D4E-AD3A9CA238FA}.Debug|Any CPU.ActiveCfg = Debug|Any CPU
		{DA56D992-BF4C-4FB0-8D4E-AD3A9CA238FA}.Debug|Any CPU.Build.0 = Debug|Any CPU
		{DA56D992-BF4C-4FB0-8D4E-AD3A9CA238FA}.Release|Any CPU.ActiveCfg = Release|Any CPU
		{DA56D992-BF4C-4FB0-8D4E-AD3A9CA238FA}.Release|Any CPU.Build.0 = Release|Any CPU
		{496D068F-D313-4446-AED9-21C92064B679}.Debug|Any CPU.ActiveCfg = Debug|Any CPU
		{496D068F-D313-4446-AED9-21C92064B679}.Debug|Any CPU.Build.0 = Debug|Any CPU
		{496D068F-D313-4446-AED9-21C92064B679}.Release|Any CPU.ActiveCfg = Release|Any CPU
		{496D068F-D313-4446-AED9-21C92064B679}.Release|Any CPU.Build.0 = Release|Any CPU
	EndGlobalSection
	GlobalSection(SolutionProperties) = preSolution
		HideSolutionNode = FALSE
	EndGlobalSection
	GlobalSection(ExtensibilityGlobals) = postSolution
		SolutionGuid = {3BB9DC63-8D63-4E90-B58F-74D515704FD1}
	EndGlobalSection
EndGlobal
